
Microsoft Visual Studio Solution File, Format Version 12.00
# Visual Studio Version 17
VisualStudioVersion = 17.6.33829.357
MinimumVisualStudioVersion = 10.0.40219.1
Project("{FAE04EC0-301F-11D3-BF4B-00C04F79EFBC}") = "T_UAS.ALGO", "T_UAS.ALGO.csproj", "{73F34C78-1E8F-4F39-8CF8-AA1CCC43173C}"
EndProject
Project("{2150E333-8FDC-42A3-9474-1A3956D46DE8}") = "Console", "Console", "{91B7A637-F59E-45F5-8FEC-BA02E0D4B64E}"
EndProject
Global
	GlobalSection(SolutionConfigurationPlatforms) = preSolution
		Debug|Any CPU = Debug|Any CPU
		Release|Any CPU = Release|Any CPU
	EndGlobalSection
	GlobalSection(ProjectConfigurationPlatforms) = postSolution
		{73F34C78-1E8F-4F39-8CF8-AA1CCC43173C}.Debug|Any CPU.ActiveCfg = Debug|Any CPU
		{73F34C78-1E8F-4F39-8CF8-AA1CCC43173C}.Debug|Any CPU.Build.0 = Debug|Any CPU
		{73F34C78-1E8F-4F39-8CF8-AA1CCC43173C}.Release|Any CPU.ActiveCfg = Release|Any CPU
		{73F34C78-1E8F-4F39-8CF8-AA1CCC43173C}.Release|Any CPU.Build.0 = Release|Any CPU
	EndGlobalSection
	GlobalSection(SolutionProperties) = preSolution
		HideSolutionNode = FALSE
	EndGlobalSection
	GlobalSection(ExtensibilityGlobals) = postSolution
		SolutionGuid = {28EA494E-18F3-4087-B2F0-48143BC68435}
	EndGlobalSection
EndGlobal
